// !$*UTF8*$!
{
	archiveVersion = 1;
	classes = {
	};
	objectVersion = 70;
	objects = {

/* Begin PBXBuildFile section */
		4113027B2F33E757004B6254 /* BannerDetailView.swift in Sources */ = {isa = PBXBuildFile; fileRef = 411302792F33E757004B6254 /* BannerDetailView.swift */; };
		4113027C2F33E757004B6254 /* BannerShowcaseView.swift in Sources */ = {isa = PBXBuildFile; fileRef = 4113027A2F33E757004B6254 /* BannerShowcaseView.swift */; };
		4113029D2F34AC72004B6254 /* banner-02-product-iphone.json in Resources */ = {isa = PBXBuildFile; fileRef = 411302932F34AC72004B6254 /* banner-02-product-iphone.json */; };
		4113029E2F34AC72004B6254 /* banner-10-welcome-onboarding.json in Resources */ = {isa = PBXBuildFile; fileRef = 4113029B2F34AC72004B6254 /* banner-10-welcome-onboarding.json */; };
		4113029F2F34AC72004B6254 /* banner-01-hero-summer-sale.json in Resources */ = {isa = PBXBuildFile; fileRef = 411302922F34AC72004B6254 /* banner-01-hero-summer-sale.json */; };
		411302A02F34AC72004B6254 /* banner-09-premium-subscription.json in Resources */ = {isa = PBXBuildFile; fileRef = 4113029A2F34AC72004B6254 /* banner-09-premium-subscription.json */; };
		411302A12F34AC72004B6254 /* banner-07-app-rating.json in Resources */ = {isa = PBXBuildFile; fileRef = 411302982F34AC72004B6254 /* banner-07-app-rating.json */; };
		411302A22F34AC72004B6254 /* banner-03-announcement-update.json in Resources */ = {isa = PBXBuildFile; fileRef = 411302942F34AC72004B6254 /* banner-03-announcement-update.json */; };
		411302A32F34AC72004B6254 /* banner-08-flash-sale.json in Resources */ = {isa = PBXBuildFile; fileRef = 411302992F34AC72004B6254 /* banner-08-flash-sale.json */; };
		411302A42F34AC72004B6254 /* banner-05-fashion-collection.json in Resources */ = {isa = PBXBuildFile; fileRef = 411302962F34AC72004B6254 /* banner-05-fashion-collection.json */; };
		411302A52F34AC72004B6254 /* banner-04-travel-deals.json in Resources */ = {isa = PBXBuildFile; fileRef = 411302952F34AC72004B6254 /* banner-04-travel-deals.json */; };
		411302A62F34AC72004B6254 /* banner-06-credit-card-offer.json in Resources */ = {isa = PBXBuildFile; fileRef = 411302972F34AC72004B6254 /* banner-06-credit-card-offer.json */; };
		417388E32F2B8EAB00CC1951 /* test-091-offset-percent-box-basic.json in Resources */ = {isa = PBXBuildFile; fileRef = 417388E22F2B8EAB00CC1951 /* test-091-offset-percent-box-basic.json */; };
		417388E42F2B8EAB00CC1951 /* test-091-offset-percent-box-basic.json in Resources */ = {isa = PBXBuildFile; fileRef = 417388E22F2B8EAB00CC1951 /* test-091-offset-percent-box-basic.json */; };
		41969A622EFE48010050EB83 /* arrangement_demo.json in Resources */ = {isa = PBXBuildFile; fileRef = 41969A612EFE48010050EB83 /* arrangement_demo.json */; };
		41969A752F0E6A4B0050EB83 /* animation_container_and_children.json in Resources */ = {isa = PBXBuildFile; fileRef = 41969A722F0E6A4B0050EB83 /* animation_container_and_children.json */; };
		41969A762F0E6A4B0050EB83 /* animation_container_fade.json in Resources */ = {isa = PBXBuildFile; fileRef = 41969A732F0E6A4B0050EB83 /* animation_container_fade.json */; };
		41969A772F0E6A4B0050EB83 /* animation_staggered_children.json in Resources */ = {isa = PBXBuildFile; fileRef = 41969A742F0E6A4B0050EB83 /* animation_staggered_children.json */; };
		41C5EB1E2F34E6FC0066BE34 /* JSONViewerView.swift in Sources */ = {isa = PBXBuildFile; fileRef = 41C5EB1D2F34E6FC0066BE34 /* JSONViewerView.swift */; };
		41F1AD5F2F2B7D330018C5EA /* TestConfigBrowserView.swift in Sources */ = {isa = PBXBuildFile; fileRef = 41F1AD5E2F2B7D330018C5EA /* TestConfigBrowserView.swift */; };
		41F1AD612F2B7D420018C5EA /* JsonLoader.swift in Sources */ = {isa = PBXBuildFile; fileRef = 41F1AD602F2B7D420018C5EA /* JsonLoader.swift */; };
		B001 /* NativeDisplaySampleApp.swift in Sources */ = {isa = PBXBuildFile; fileRef = F001 /* NativeDisplaySampleApp.swift */; };
		B002 /* ContentView.swift in Sources */ = {isa = PBXBuildFile; fileRef = F002 /* ContentView.swift */; };
		B003 /* Assets.xcassets in Resources */ = {isa = PBXBuildFile; fileRef = F003 /* Assets.xcassets */; };
		B004 /* CleverTapNativeDisplay in Frameworks */ = {isa = PBXBuildFile; productRef = PKG001 /* CleverTapNativeDisplay */; };
		B005 /* home_screen.json in Resources */ = {isa = PBXBuildFile; fileRef = F004 /* home_screen.json */; };
/* End PBXBuildFile section */

/* Begin PBXContainerItemProxy section */
		41F1AD572F2B6E250018C5EA /* PBXContainerItemProxy */ = {
			isa = PBXContainerItemProxy;
			containerPortal = PRJ001 /* Project object */;
			proxyType = 1;
			remoteGlobalIDString = TGT001;
			remoteInfo = NativeDisplaySample;
		};
/* End PBXContainerItemProxy section */

/* Begin PBXFileReference section */
		411302792F33E757004B6254 /* BannerDetailView.swift */ = {isa = PBXFileReference; lastKnownFileType = sourcecode.swift; path = BannerDetailView.swift; sourceTree = "<group>"; };
		4113027A2F33E757004B6254 /* BannerShowcaseView.swift */ = {isa = PBXFileReference; lastKnownFileType = sourcecode.swift; path = BannerShowcaseView.swift; sourceTree = "<group>"; };
		411302922F34AC72004B6254 /* banner-01-hero-summer-sale.json */ = {isa = PBXFileReference; lastKnownFileType = text.json; path = "banner-01-hero-summer-sale.json"; sourceTree = "<group>"; };
		411302932F34AC72004B6254 /* banner-02-product-iphone.json */ = {isa = PBXFileReference; lastKnownFileType = text.json; path = "banner-02-product-iphone.json"; sourceTree = "<group>"; };
		411302942F34AC72004B6254 /* banner-03-announcement-update.json */ = {isa = PBXFileReference; lastKnownFileType = text.json; path = "banner-03-announcement-update.json"; sourceTree = "<group>"; };
		411302952F34AC72004B6254 /* banner-04-travel-deals.json */ = {isa = PBXFileReference; lastKnownFileType = text.json; path = "banner-04-travel-deals.json"; sourceTree = "<group>"; };
		411302962F34AC72004B6254 /* banner-05-fashion-collection.json */ = {isa = PBXFileReference; lastKnownFileType = text.json; path = "banner-05-fashion-collection.json"; sourceTree = "<group>"; };
		411302972F34AC72004B6254 /* banner-06-credit-card-offer.json */ = {isa = PBXFileReference; lastKnownFileType = text.json; path = "banner-06-credit-card-offer.json"; sourceTree = "<group>"; };
		411302982F34AC72004B6254 /* banner-07-app-rating.json */ = {isa = PBXFileReference; lastKnownFileType = text.json; path = "banner-07-app-rating.json"; sourceTree = "<group>"; };
		411302992F34AC72004B6254 /* banner-08-flash-sale.json */ = {isa = PBXFileReference; lastKnownFileType = text.json; path = "banner-08-flash-sale.json"; sourceTree = "<group>"; };
		4113029A2F34AC72004B6254 /* banner-09-premium-subscription.json */ = {isa = PBXFileReference; lastKnownFileType = text.json; path = "banner-09-premium-subscription.json"; sourceTree = "<group>"; };
		4113029B2F34AC72004B6254 /* banner-10-welcome-onboarding.json */ = {isa = PBXFileReference; lastKnownFileType = text.json; path = "banner-10-welcome-onboarding.json"; sourceTree = "<group>"; };
		417388E22F2B8EAB00CC1951 /* test-091-offset-percent-box-basic.json */ = {isa = PBXFileReference; lastKnownFileType = text.json; path = "test-091-offset-percent-box-basic.json"; sourceTree = "<group>"; };
		41969A612EFE48010050EB83 /* arrangement_demo.json */ = {isa = PBXFileReference; lastKnownFileType = text.json; path = arrangement_demo.json; sourceTree = "<group>"; };
		41969A722F0E6A4B0050EB83 /* animation_container_and_children.json */ = {isa = PBXFileReference; lastKnownFileType = text.json; path = animation_container_and_children.json; sourceTree = "<group>"; };
		41969A732F0E6A4B0050EB83 /* animation_container_fade.json */ = {isa = PBXFileReference; lastKnownFileType = text.json; path = animation_container_fade.json; sourceTree = "<group>"; };
		41969A742F0E6A4B0050EB83 /* animation_staggered_children.json */ = {isa = PBXFileReference; lastKnownFileType = text.json; path = animation_staggered_children.json; sourceTree = "<group>"; };
		41C5EB1D2F34E6FC0066BE34 /* JSONViewerView.swift */ = {isa = PBXFileReference; lastKnownFileType = sourcecode.swift; path = JSONViewerView.swift; sourceTree = "<group>"; };
		41F1AD512F2B6E250018C5EA /* NativeDisplaySampleUITests.xctest */ = {isa = PBXFileReference; explicitFileType = wrapper.cfbundle; includeInIndex = 0; path = NativeDisplaySampleUITests.xctest; sourceTree = BUILT_PRODUCTS_DIR; };
		41F1AD5E2F2B7D330018C5EA /* TestConfigBrowserView.swift */ = {isa = PBXFileReference; lastKnownFileType = sourcecode.swift; path = TestConfigBrowserView.swift; sourceTree = "<group>"; };
		41F1AD602F2B7D420018C5EA /* JsonLoader.swift */ = {isa = PBXFileReference; lastKnownFileType = sourcecode.swift; path = JsonLoader.swift; sourceTree = "<group>"; };
		F001 /* NativeDisplaySampleApp.swift */ = {isa = PBXFileReference; lastKnownFileType = sourcecode.swift; path = NativeDisplaySampleApp.swift; sourceTree = "<group>"; };
		F002 /* ContentView.swift */ = {isa = PBXFileReference; lastKnownFileType = sourcecode.swift; path = ContentView.swift; sourceTree = "<group>"; };
		F003 /* Assets.xcassets */ = {isa = PBXFileReference; lastKnownFileType = folder.assetcatalog; path = Assets.xcassets; sourceTree = "<group>"; };
		F004 /* home_screen.json */ = {isa = PBXFileReference; lastKnownFileType = text.json; path = home_screen.json; sourceTree = "<group>"; };
		P001 /* NativeDisplaySample.app */ = {isa = PBXFileReference; explicitFileType = wrapper.application; includeInIndex = 0; path = NativeDisplaySample.app; sourceTree = BUILT_PRODUCTS_DIR; };
/* End PBXFileReference section */

/* Begin PBXFileSystemSynchronizedRootGroup section */
		41F1AD522F2B6E250018C5EA /* NativeDisplaySampleUITests */ = {isa = PBXFileSystemSynchronizedRootGroup; explicitFileTypes = {}; explicitFolders = (); path = NativeDisplaySampleUITests; sourceTree = "<group>"; };
/* End PBXFileSystemSynchronizedRootGroup section */

/* Begin PBXFrameworksBuildPhase section */
		41F1AD4E2F2B6E250018C5EA /* Frameworks */ = {
			isa = PBXFrameworksBuildPhase;
			buildActionMask = 2147483647;
			files = (
			);
			runOnlyForDeploymentPostprocessing = 0;
		};
		FBP001 /* Frameworks */ = {
			isa = PBXFrameworksBuildPhase;
			buildActionMask = 2147483647;
			files = (
				B004 /* CleverTapNativeDisplay in Frameworks */,
			);
			runOnlyForDeploymentPostprocessing = 0;
		};
/* End PBXFrameworksBuildPhase section */

/* Begin PBXGroup section */
		4113029C2F34AC72004B6254 /* Banners */ = {
			isa = PBXGroup;
			children = (
				411302922F34AC72004B6254 /* banner-01-hero-summer-sale.json */,
				411302932F34AC72004B6254 /* banner-02-product-iphone.json */,
				411302942F34AC72004B6254 /* banner-03-announcement-update.json */,
				411302952F34AC72004B6254 /* banner-04-travel-deals.json */,
				411302962F34AC72004B6254 /* banner-05-fashion-collection.json */,
				411302972F34AC72004B6254 /* banner-06-credit-card-offer.json */,
				411302982F34AC72004B6254 /* banner-07-app-rating.json */,
				411302992F34AC72004B6254 /* banner-08-flash-sale.json */,
				4113029A2F34AC72004B6254 /* banner-09-premium-subscription.json */,
				4113029B2F34AC72004B6254 /* banner-10-welcome-onboarding.json */,
			);
			path = Banners;
			sourceTree = "<group>";
		};
		GRP_APP /* NativeDisplaySample */ = {
			isa = PBXGroup;
			children = (
				41C5EB1D2F34E6FC0066BE34 /* JSONViewerView.swift */,
				411302792F33E757004B6254 /* BannerDetailView.swift */,
				4113027A2F33E757004B6254 /* BannerShowcaseView.swift */,
				417388E22F2B8EAB00CC1951 /* test-091-offset-percent-box-basic.json */,
				41F1AD602F2B7D420018C5EA /* JsonLoader.swift */,
				41F1AD5E2F2B7D330018C5EA /* TestConfigBrowserView.swift */,
				F001 /* NativeDisplaySampleApp.swift */,
				F002 /* ContentView.swift */,
				F003 /* Assets.xcassets */,
				GRP_RES /* Resources */,
			);
			path = NativeDisplaySample;
			sourceTree = "<group>";
		};
		GRP_PRD /* Products */ = {
			isa = PBXGroup;
			children = (
				P001 /* NativeDisplaySample.app */,
				41F1AD512F2B6E250018C5EA /* NativeDisplaySampleUITests.xctest */,
			);
			name = Products;
			sourceTree = "<group>";
		};
		GRP_RES /* Resources */ = {
			isa = PBXGroup;
			children = (
				4113029C2F34AC72004B6254 /* Banners */,
				41969A722F0E6A4B0050EB83 /* animation_container_and_children.json */,
				41969A732F0E6A4B0050EB83 /* animation_container_fade.json */,
				41969A742F0E6A4B0050EB83 /* animation_staggered_children.json */,
				41969A612EFE48010050EB83 /* arrangement_demo.json */,
				F004 /* home_screen.json */,
			);
			path = Resources;
			sourceTree = "<group>";
		};
		ROOT = {
			isa = PBXGroup;
			children = (
				GRP_APP /* NativeDisplaySample */,
				41F1AD522F2B6E250018C5EA /* NativeDisplaySampleUITests */,
				GRP_PRD /* Products */,
			);
			sourceTree = "<group>";
		};
/* End PBXGroup section */

/* Begin PBXNativeTarget section */
		41F1AD502F2B6E250018C5EA /* NativeDisplaySampleUITests */ = {
			isa = PBXNativeTarget;
			buildConfigurationList = 41F1AD5B2F2B6E250018C5EA /* Build configuration list for PBXNativeTarget "NativeDisplaySampleUITests" */;
			buildPhases = (
				41F1AD4D2F2B6E250018C5EA /* Sources */,
				41F1AD4E2F2B6E250018C5EA /* Frameworks */,
				41F1AD4F2F2B6E250018C5EA /* Resources */,
			);
			buildRules = (
			);
			dependencies = (
				41F1AD582F2B6E250018C5EA /* PBXTargetDependency */,
			);
			fileSystemSynchronizedGroups = (
				41F1AD522F2B6E250018C5EA /* NativeDisplaySampleUITests */,
			);
			name = NativeDisplaySampleUITests;
			packageProductDependencies = (
			);
			productName = NativeDisplaySampleUITests;
			productReference = 41F1AD512F2B6E250018C5EA /* NativeDisplaySampleUITests.xctest */;
			productType = "com.apple.product-type.bundle.ui-testing";
		};
		TGT001 /* NativeDisplaySample */ = {
			isa = PBXNativeTarget;
			buildConfigurationList = BCL001 /* Build configuration list for PBXNativeTarget "NativeDisplaySample" */;
			buildPhases = (
				SBP001 /* Sources */,
				FBP001 /* Frameworks */,
				RBP001 /* Resources */,
			);
			buildRules = (
			);
			dependencies = (
			);
			name = NativeDisplaySample;
			packageProductDependencies = (
				PKG001 /* CleverTapNativeDisplay */,
			);
			productName = NativeDisplaySample;
			productReference = P001 /* NativeDisplaySample.app */;
			productType = "com.apple.product-type.application";
		};
/* End PBXNativeTarget section */

/* Begin PBXProject section */
		PRJ001 /* Project object */ = {
			isa = PBXProject;
			attributes = {
				BuildIndependentTargetsInParallel = 1;
				LastSwiftUpdateCheck = 1640;
				LastUpgradeCheck = 1500;
				TargetAttributes = {
					41F1AD502F2B6E250018C5EA = {
						CreatedOnToolsVersion = 16.4;
						TestTargetID = TGT001;
					};
					TGT001 = {
						CreatedOnToolsVersion = 15.0;
					};
				};
			};
			buildConfigurationList = BCL000 /* Build configuration list for PBXProject "NativeDisplaySample" */;
			compatibilityVersion = "Xcode 14.0";
			developmentRegion = en;
			hasScannedForEncodings = 0;
			knownRegions = (
				en,
				Base,
			);
			mainGroup = ROOT;
			packageReferences = (
				PKGREF001 /* XCLocalSwiftPackageReference "../ios" */,
			);
			productRefGroup = GRP_PRD /* Products */;
			projectDirPath = "";
			projectRoot = "";
			targets = (
				TGT001 /* NativeDisplaySample */,
				41F1AD502F2B6E250018C5EA /* NativeDisplaySampleUITests */,
			);
		};
/* End PBXProject section */

/* Begin PBXResourcesBuildPhase section */
		41F1AD4F2F2B6E250018C5EA /* Resources */ = {
			isa = PBXResourcesBuildPhase;
			buildActionMask = 2147483647;
			files = (
				417388E32F2B8EAB00CC1951 /* test-091-offset-percent-box-basic.json in Resources */,
			);
			runOnlyForDeploymentPostprocessing = 0;
		};
		RBP001 /* Resources */ = {
			isa = PBXResourcesBuildPhase;
			buildActionMask = 2147483647;
			files = (
				B003 /* Assets.xcassets in Resources */,
				41969A752F0E6A4B0050EB83 /* animation_container_and_children.json in Resources */,
				417388E42F2B8EAB00CC1951 /* test-091-offset-percent-box-basic.json in Resources */,
				41969A762F0E6A4B0050EB83 /* animation_container_fade.json in Resources */,
				41969A772F0E6A4B0050EB83 /* animation_staggered_children.json in Resources */,
				41969A622EFE48010050EB83 /* arrangement_demo.json in Resources */,
				B005 /* home_screen.json in Resources */,
				4113029D2F34AC72004B6254 /* banner-02-product-iphone.json in Resources */,
				4113029E2F34AC72004B6254 /* banner-10-welcome-onboarding.json in Resources */,
				4113029F2F34AC72004B6254 /* banner-01-hero-summer-sale.json in Resources */,
				411302A02F34AC72004B6254 /* banner-09-premium-subscription.json in Resources */,
				411302A12F34AC72004B6254 /* banner-07-app-rating.json in Resources */,
				411302A22F34AC72004B6254 /* banner-03-announcement-update.json in Resources */,
				411302A32F34AC72004B6254 /* banner-08-flash-sale.json in Resources */,
				411302A42F34AC72004B6254 /* banner-05-fashion-collection.json in Resources */,
				411302A52F34AC72004B6254 /* banner-04-travel-deals.json in Resources */,
				411302A62F34AC72004B6254 /* banner-06-credit-card-offer.json in Resources */,
			);
			runOnlyForDeploymentPostprocessing = 0;
		};
/* End PBXResourcesBuildPhase section */

/* Begin PBXSourcesBuildPhase section */
		41F1AD4D2F2B6E250018C5EA /* Sources */ = {
			isa = PBXSourcesBuildPhase;
			buildActionMask = 2147483647;
			files = (
			);
			runOnlyForDeploymentPostprocessing = 0;
		};
		SBP001 /* Sources */ = {
			isa = PBXSourcesBuildPhase;
			buildActionMask = 2147483647;
			files = (
				41C5EB1E2F34E6FC0066BE34 /* JSONViewerView.swift in Sources */,
				41F1AD612F2B7D420018C5EA /* JsonLoader.swift in Sources */,
				B001 /* NativeDisplaySampleApp.swift in Sources */,
				4113027B2F33E757004B6254 /* BannerDetailView.swift in Sources */,
				4113027C2F33E757004B6254 /* BannerShowcaseView.swift in Sources */,
				B002 /* ContentView.swift in Sources */,
				41F1AD5F2F2B7D330018C5EA /* TestConfigBrowserView.swift in Sources */,
			);
			runOnlyForDeploymentPostprocessing = 0;
		};
/* End PBXSourcesBuildPhase section */

/* Begin PBXTargetDependency section */
		41F1AD582F2B6E250018C5EA /* PBXTargetDependency */ = {
			isa = PBXTargetDependency;
			target = TGT001 /* NativeDisplaySample */;
			targetProxy = 41F1AD572F2B6E250018C5EA /* PBXContainerItemProxy */;
		};
/* End PBXTargetDependency section */

/* Begin XCBuildConfiguration section */
		41F1AD592F2B6E250018C5EA /* Debug */ = {
			isa = XCBuildConfiguration;
			buildSettings = {
				CODE_SIGN_STYLE = Automatic;
				CURRENT_PROJECT_VERSION = 1;
				GENERATE_INFOPLIST_FILE = YES;
				IPHONEOS_DEPLOYMENT_TARGET = 18.5;
				MARKETING_VERSION = 1.0;
				PRODUCT_BUNDLE_IDENTIFIER = com.clevertap.nativedisplayuikit.NativeDisplaySampleUITests;
				PRODUCT_NAME = "$(TARGET_NAME)";
				SWIFT_EMIT_LOC_STRINGS = NO;
				SWIFT_VERSION = 5.0;
				TARGETED_DEVICE_FAMILY = "1,2";
				TEST_TARGET_NAME = NativeDisplaySample;
			};
			name = Debug;
		};
		41F1AD5A2F2B6E250018C5EA /* Release */ = {
			isa = XCBuildConfiguration;
			buildSettings = {
				CODE_SIGN_STYLE = Automatic;
				CURRENT_PROJECT_VERSION = 1;
				GENERATE_INFOPLIST_FILE = YES;
				IPHONEOS_DEPLOYMENT_TARGET = 18.5;
				MARKETING_VERSION = 1.0;
				PRODUCT_BUNDLE_IDENTIFIER = com.clevertap.nativedisplayuikit.NativeDisplaySampleUITests;
				PRODUCT_NAME = "$(TARGET_NAME)";
				SWIFT_EMIT_LOC_STRINGS = NO;
				SWIFT_VERSION = 5.0;
				TARGETED_DEVICE_FAMILY = "1,2";
				TEST_TARGET_NAME = NativeDisplaySample;
			};
			name = Release;
		};
		BC_APP_DBG /* Debug */ = {
			isa = XCBuildConfiguration;
			buildSettings = {
				ASSETCATALOG_COMPILER_APPICON_NAME = AppIcon;
				ASSETCATALOG_COMPILER_GLOBAL_ACCENT_COLOR_NAME = AccentColor;
				CODE_SIGN_STYLE = Automatic;
				CURRENT_PROJECT_VERSION = 1;
				DEVELOPMENT_ASSET_PATHS = "";
				ENABLE_PREVIEWS = YES;
				GENERATE_INFOPLIST_FILE = YES;
				INFOPLIST_KEY_UIApplicationSceneManifest_Generation = YES;
				INFOPLIST_KEY_UIApplicationSupportsIndirectInputEvents = YES;
				INFOPLIST_KEY_UILaunchScreen_Generation = YES;
				INFOPLIST_KEY_UISupportedInterfaceOrientations_iPad = "UIInterfaceOrientationPortrait UIInterfaceOrientationPortraitUpsideDown UIInterfaceOrientationLandscapeLeft UIInterfaceOrientationLandscapeRight";
				INFOPLIST_KEY_UISupportedInterfaceOrientations_iPhone = "UIInterfaceOrientationPortrait UIInterfaceOrientationLandscapeLeft UIInterfaceOrientationLandscapeRight";
				LD_RUNPATH_SEARCH_PATHS = (
					"$(inherited)",
					"@executable_path/Frameworks",
				);
				MARKETING_VERSION = 1.0;
				PRODUCT_BUNDLE_IDENTIFIER = com.clevertap.nativedisplay.sample;
				PRODUCT_NAME = "$(TARGET_NAME)";
				SUPPORTED_PLATFORMS = "iphoneos iphonesimulator";
				SUPPORTS_MACCATALYST = NO;
				SWIFT_EMIT_LOC_STRINGS = YES;
				SWIFT_VERSION = 5.0;
				TARGETED_DEVICE_FAMILY = "1,2";
			};
			name = Debug;
		};
		BC_APP_REL /* Release */ = {
			isa = XCBuildConfiguration;
			buildSettings = {
				ASSETCATALOG_COMPILER_APPICON_NAME = AppIcon;
				ASSETCATALOG_COMPILER_GLOBAL_ACCENT_COLOR_NAME = AccentColor;
				CODE_SIGN_STYLE = Automatic;
				CURRENT_PROJECT_VERSION = 1;
				DEVELOPMENT_ASSET_PATHS = "";
				ENABLE_PREVIEWS = YES;
				GENERATE_INFOPLIST_FILE = YES;
				INFOPLIST_KEY_UIApplicationSceneManifest_Generation = YES;
				INFOPLIST_KEY_UIApplicationSupportsIndirectInputEvents = YES;
				INFOPLIST_KEY_UILaunchScreen_Generation = YES;
				INFOPLIST_KEY_UISupportedInterfaceOrientations_iPad = "UIInterfaceOrientationPortrait UIInterfaceOrientationPortraitUpsideDown UIInterfaceOrientationLandscapeLeft UIInterfaceOrientationLandscapeRight";
				INFOPLIST_KEY_UISupportedInterfaceOrientations_iPhone = "UIInterfaceOrientationPortrait UIInterfaceOrientationLandscapeLeft UIInterfaceOrientationLandscapeRight";
				LD_RUNPATH_SEARCH_PATHS = (
					"$(inherited)",
					"@executable_path/Frameworks",
				);
				MARKETING_VERSION = 1.0;
				PRODUCT_BUNDLE_IDENTIFIER = com.clevertap.nativedisplay.sample;
				PRODUCT_NAME = "$(TARGET_NAME)";
				SUPPORTED_PLATFORMS = "iphoneos iphonesimulator";
				SUPPORTS_MACCATALYST = NO;
				SWIFT_EMIT_LOC_STRINGS = YES;
				SWIFT_VERSION = 5.0;
				TARGETED_DEVICE_FAMILY = "1,2";
			};
			name = Release;
		};
		BC_PRJ_DBG /* Debug */ = {
			isa = XCBuildConfiguration;
			buildSettings = {
				ALWAYS_SEARCH_USER_PATHS = NO;
				ASSETCATALOG_COMPILER_GENERATE_SWIFT_ASSET_SYMBOL_EXTENSIONS = YES;
				CLANG_ANALYZER_NONNULL = YES;
				CLANG_ANALYZER_NUMBER_OBJECT_CONVERSION = YES_AGGRESSIVE;
				CLANG_CXX_LANGUAGE_STANDARD = "gnu++20";
				CLANG_ENABLE_MODULES = YES;
				CLANG_ENABLE_OBJC_ARC = YES;
				CLANG_ENABLE_OBJC_WEAK = YES;
				CLANG_WARN_BLOCK_CAPTURE_AUTORELEASING = YES;
				CLANG_WARN_BOOL_CONVERSION = YES;
				CLANG_WARN_COMMA = YES;
				CLANG_WARN_CONSTANT_CONVERSION = YES;
				CLANG_WARN_DEPRECATED_OBJC_IMPLEMENTATIONS = YES;
				CLANG_WARN_DIRECT_OBJC_ISA_USAGE = YES_ERROR;
				CLANG_WARN_DOCUMENTATION_COMMENTS = YES;
				CLANG_WARN_EMPTY_BODY = YES;
				CLANG_WARN_ENUM_CONVERSION = YES;
				CLANG_WARN_INFINITE_RECURSION = YES;
				CLANG_WARN_INT_CONVERSION = YES;
				CLANG_WARN_NON_LITERAL_NULL_CONVERSION = YES;
				CLANG_WARN_OBJC_IMPLICIT_RETAIN_SELF = YES;
				CLANG_WARN_OBJC_LITERAL_CONVERSION = YES;
				CLANG_WARN_OBJC_ROOT_CLASS = YES_ERROR;
				CLANG_WARN_QUOTED_INCLUDE_IN_FRAMEWORK_HEADER = YES;
				CLANG_WARN_RANGE_LOOP_ANALYSIS = YES;
				CLANG_WARN_STRICT_PROTOTYPES = YES;
				CLANG_WARN_SUSPICIOUS_MOVE = YES;
				CLANG_WARN_UNGUARDED_AVAILABILITY = YES_AGGRESSIVE;
				CLANG_WARN_UNREACHABLE_CODE = YES;
				CLANG_WARN__DUPLICATE_METHOD_MATCH = YES;
				COPY_PHASE_STRIP = NO;
				DEBUG_INFORMATION_FORMAT = dwarf;
				ENABLE_STRICT_OBJC_MSGSEND = YES;
				ENABLE_TESTABILITY = YES;
				ENABLE_USER_SCRIPT_SANDBOXING = YES;
				GCC_C_LANGUAGE_STANDARD = gnu17;
				GCC_DYNAMIC_NO_PIC = NO;
				GCC_NO_COMMON_BLOCKS = YES;
				GCC_OPTIMIZATION_LEVEL = 0;
				GCC_PREPROCESSOR_DEFINITIONS = (
					"DEBUG=1",
					"$(inherited)",
				);
				GCC_WARN_64_TO_32_BIT_CONVERSION = YES;
				GCC_WARN_ABOUT_RETURN_TYPE = YES_ERROR;
				GCC_WARN_UNDECLARED_SELECTOR = YES;
				GCC_WARN_UNINITIALIZED_AUTOS = YES_AGGRESSIVE;
				GCC_WARN_UNUSED_FUNCTION = YES;
				GCC_WARN_UNUSED_VARIABLE = YES;
				IPHONEOS_DEPLOYMENT_TARGET = 15.0;
				LOCALIZATION_PREFERS_STRING_CATALOGS = YES;
				MTL_ENABLE_DEBUG_INFO = INCLUDE_SOURCE;
				MTL_FAST_MATH = YES;
				ONLY_ACTIVE_ARCH = YES;
				SDKROOT = iphoneos;
				SWIFT_ACTIVE_COMPILATION_CONDITIONS = "DEBUG $(inherited)";
				SWIFT_OPTIMIZATION_LEVEL = "-Onone";
			};
			name = Debug;
		};
		BC_PRJ_REL /* Release */ = {
			isa = XCBuildConfiguration;
			buildSettings = {
				ALWAYS_SEARCH_USER_PATHS = NO;
				ASSETCATALOG_COMPILER_GENERATE_SWIFT_ASSET_SYMBOL_EXTENSIONS = YES;
				CLANG_ANALYZER_NONNULL = YES;
				CLANG_ANALYZER_NUMBER_OBJECT_CONVERSION = YES_AGGRESSIVE;
				CLANG_CXX_LANGUAGE_STANDARD = "gnu++20";
				CLANG_ENABLE_MODULES = YES;
				CLANG_ENABLE_OBJC_ARC = YES;
				CLANG_ENABLE_OBJC_WEAK = YES;
				CLANG_WARN_BLOCK_CAPTURE_AUTORELEASING = YES;
				CLANG_WARN_BOOL_CONVERSION = YES;
				CLANG_WARN_COMMA = YES;
				CLANG_WARN_CONSTANT_CONVERSION = YES;
				CLANG_WARN_DEPRECATED_OBJC_IMPLEMENTATIONS = YES;
				CLANG_WARN_DIRECT_OBJC_ISA_USAGE = YES_ERROR;
				CLANG_WARN_DOCUMENTATION_COMMENTS = YES;
				CLANG_WARN_EMPTY_BODY = YES;
				CLANG_WARN_ENUM_CONVERSION = YES;
				CLANG_WARN_INFINITE_RECURSION = YES;
				CLANG_WARN_INT_CONVERSION = YES;
				CLANG_WARN_NON_LITERAL_NULL_CONVERSION = YES;
				CLANG_WARN_OBJC_IMPLICIT_RETAIN_SELF = YES;
				CLANG_WARN_OBJC_LITERAL_CONVERSION = YES;
				CLANG_WARN_OBJC_ROOT_CLASS = YES_ERROR;
				CLANG_WARN_QUOTED_INCLUDE_IN_FRAMEWORK_HEADER = YES;
				CLANG_WARN_RANGE_LOOP_ANALYSIS = YES;
				CLANG_WARN_STRICT_PROTOTYPES = YES;
				CLANG_WARN_SUSPICIOUS_MOVE = YES;
				CLANG_WARN_UNGUARDED_AVAILABILITY = YES_AGGRESSIVE;
				CLANG_WARN_UNREACHABLE_CODE = YES;
				CLANG_WARN__DUPLICATE_METHOD_MATCH = YES;
				COPY_PHASE_STRIP = NO;
				DEBUG_INFORMATION_FORMAT = "dwarf-with-dsym";
				ENABLE_NS_ASSERTIONS = NO;
				ENABLE_STRICT_OBJC_MSGSEND = YES;
				ENABLE_USER_SCRIPT_SANDBOXING = YES;
				GCC_C_LANGUAGE_STANDARD = gnu17;
				GCC_NO_COMMON_BLOCKS = YES;
				GCC_WARN_64_TO_32_BIT_CONVERSION = YES;
				GCC_WARN_ABOUT_RETURN_TYPE = YES_ERROR;
				GCC_WARN_UNDECLARED_SELECTOR = YES;
				GCC_WARN_UNINITIALIZED_AUTOS = YES_AGGRESSIVE;
				GCC_WARN_UNUSED_FUNCTION = YES;
				GCC_WARN_UNUSED_VARIABLE = YES;
				IPHONEOS_DEPLOYMENT_TARGET = 15.0;
				LOCALIZATION_PREFERS_STRING_CATALOGS = YES;
				MTL_ENABLE_DEBUG_INFO = NO;
				MTL_FAST_MATH = YES;
				SDKROOT = iphoneos;
				SWIFT_COMPILATION_MODE = wholemodule;
				VALIDATE_PRODUCT = YES;
			};
			name = Release;
		};
/* End XCBuildConfiguration section */

/* Begin XCConfigurationList section */
		41F1AD5B2F2B6E250018C5EA /* Build configuration list for PBXNativeTarget "NativeDisplaySampleUITests" */ = {
			isa = XCConfigurationList;
			buildConfigurations = (
				41F1AD592F2B6E250018C5EA /* Debug */,
				41F1AD5A2F2B6E250018C5EA /* Release */,
			);
			defaultConfigurationIsVisible = 0;
			defaultConfigurationName = Release;
		};
		BCL000 /* Build configuration list for PBXProject "NativeDisplaySample" */ = {
			isa = XCConfigurationList;
			buildConfigurations = (
				BC_PRJ_DBG /* Debug */,
				BC_PRJ_REL /* Release */,
			);
			defaultConfigurationIsVisible = 0;
			defaultConfigurationName = Release;
		};
		BCL001 /* Build configuration list for PBXNativeTarget "NativeDisplaySample" */ = {
			isa = XCConfigurationList;
			buildConfigurations = (
				BC_APP_DBG /* Debug */,
				BC_APP_REL /* Release */,
			);
			defaultConfigurationIsVisible = 0;
			defaultConfigurationName = Release;
		};
/* End XCConfigurationList section */

/* Begin XCLocalSwiftPackageReference section */
		PKGREF001 /* XCLocalSwiftPackageReference "../ios" */ = {
			isa = XCLocalSwiftPackageReference;
			relativePath = ../ios;
		};
/* End XCLocalSwiftPackageReference section */

/* Begin XCSwiftPackageProductDependency section */
		PKG001 /* CleverTapNativeDisplay */ = {
			isa = XCSwiftPackageProductDependency;
			productName = CleverTapNativeDisplay;
		};
/* End XCSwiftPackageProductDependency section */
	};
	rootObject = PRJ001 /* Project object */;
}
